// !$*UTF8*$!
{
	archiveVersion = 1;
	classes = {
	};
	objectVersion = 50;
	objects = {

/* Begin PBXBuildFile section */
		5ADDC9F2253D8C3F00078D36 /* AppDelegate.swift in Sources */ = {isa = PBXBuildFile; fileRef = 5ADDC9F1253D8C3F00078D36 /* AppDelegate.swift */; };
		5ADDC9F4253D8C3F00078D36 /* SceneDelegate.swift in Sources */ = {isa = PBXBuildFile; fileRef = 5ADDC9F3253D8C3F00078D36 /* SceneDelegate.swift */; };
		5ADDC9F6253D8C3F00078D36 /* ViewController.swift in Sources */ = {isa = PBXBuildFile; fileRef = 5ADDC9F5253D8C3F00078D36 /* ViewController.swift */; };
		5ADDC9F9253D8C3F00078D36 /* Main.storyboard in Resources */ = {isa = PBXBuildFile; fileRef = 5ADDC9F7253D8C3F00078D36 /* Main.storyboard */; };
		5ADDC9FB253D8C4000078D36 /* Assets.xcassets in Resources */ = {isa = PBXBuildFile; fileRef = 5ADDC9FA253D8C4000078D36 /* Assets.xcassets */; };
		5ADDC9FE253D8C4000078D36 /* LaunchScreen.storyboard in Resources */ = {isa = PBXBuildFile; fileRef = 5ADDC9FC253D8C4000078D36 /* LaunchScreen.storyboard */; };
		5ADDCA09253D8C4000078D36 /* SwiftLanguageGuideTests.swift in Sources */ = {isa = PBXBuildFile; fileRef = 5ADDCA08253D8C4000078D36 /* SwiftLanguageGuideTests.swift */; };
		5ADDCA14253D8C4000078D36 /* SwiftLanguageGuideUITests.swift in Sources */ = {isa = PBXBuildFile; fileRef = 5ADDCA13253D8C4000078D36 /* SwiftLanguageGuideUITests.swift */; };
		5ADDCA25253D8D8C00078D36 /* SwiftTour.swift in Sources */ = {isa = PBXBuildFile; fileRef = 5ADDCA24253D8D8C00078D36 /* SwiftTour.swift */; };
		5ADDCA26253D8D8C00078D36 /* SwiftTour.swift in Sources */ = {isa = PBXBuildFile; fileRef = 5ADDCA24253D8D8C00078D36 /* SwiftTour.swift */; };
		5ADDCA27253D8D8C00078D36 /* SwiftTour.swift in Sources */ = {isa = PBXBuildFile; fileRef = 5ADDCA24253D8D8C00078D36 /* SwiftTour.swift */; };
/* End PBXBuildFile section */

/* Begin PBXContainerItemProxy section */
		5ADDCA05253D8C4000078D36 /* PBXContainerItemProxy */ = {
			isa = PBXContainerItemProxy;
			containerPortal = 5ADDC9E6253D8C3F00078D36 /* Project object */;
			proxyType = 1;
			remoteGlobalIDString = 5ADDC9ED253D8C3F00078D36;
			remoteInfo = SwiftLanguageGuide;
		};
		5ADDCA10253D8C4000078D36 /* PBXContainerItemProxy */ = {
			isa = PBXContainerItemProxy;
			containerPortal = 5ADDC9E6253D8C3F00078D36 /* Project object */;
			proxyType = 1;
			remoteGlobalIDString = 5ADDC9ED253D8C3F00078D36;
			remoteInfo = SwiftLanguageGuide;
		};
/* End PBXContainerItemProxy section */

/* Begin PBXFileReference section */
		5ADDC9EE253D8C3F00078D36 /* SwiftLanguageGuide.app */ = {isa = PBXFileReference; explicitFileType = wrapper.application; includeInIndex = 0; path = SwiftLanguageGuide.app; sourceTree = BUILT_PRODUCTS_DIR; };
		5ADDC9F1253D8C3F00078D36 /* AppDelegate.swift */ = {isa = PBXFileReference; lastKnownFileType = sourcecode.swift; path = AppDelegate.swift; sourceTree = "<group>"; };
		5ADDC9F3253D8C3F00078D36 /* SceneDelegate.swift */ = {isa = PBXFileReference; lastKnownFileType = sourcecode.swift; path = SceneDelegate.swift; sourceTree = "<group>"; };
		5ADDC9F5253D8C3F00078D36 /* ViewController.swift */ = {isa = PBXFileReference; lastKnownFileType = sourcecode.swift; path = ViewController.swift; sourceTree = "<group>"; };
		5ADDC9F8253D8C3F00078D36 /* Base */ = {isa = PBXFileReference; lastKnownFileType = file.storyboard; name = Base; path = Base.lproj/Main.storyboard; sourceTree = "<group>"; };
		5ADDC9FA253D8C4000078D36 /* Assets.xcassets */ = {isa = PBXFileReference; lastKnownFileType = folder.assetcatalog; path = Assets.xcassets; sourceTree = "<group>"; };
		5ADDC9FD253D8C4000078D36 /* Base */ = {isa = PBXFileReference; lastKnownFileType = file.storyboard; name = Base; path = Base.lproj/LaunchScreen.storyboard; sourceTree = "<group>"; };
		5ADDC9FF253D8C4000078D36 /* Info.plist */ = {isa = PBXFileReference; lastKnownFileType = text.plist.xml; path = Info.plist; sourceTree = "<group>"; };
		5ADDCA04253D8C4000078D36 /* SwiftLanguageGuideTests.xctest */ = {isa = PBXFileReference; explicitFileType = wrapper.cfbundle; includeInIndex = 0; path = SwiftLanguageGuideTests.xctest; sourceTree = BUILT_PRODUCTS_DIR; };
		5ADDCA08253D8C4000078D36 /* SwiftLanguageGuideTests.swift */ = {isa = PBXFileReference; lastKnownFileType = sourcecode.swift; path = SwiftLanguageGuideTests.swift; sourceTree = "<group>"; };
		5ADDCA0A253D8C4000078D36 /* Info.plist */ = {isa = PBXFileReference; lastKnownFileType = text.plist.xml; path = Info.plist; sourceTree = "<group>"; };
		5ADDCA0F253D8C4000078D36 /* SwiftLanguageGuideUITests.xctest */ = {isa = PBXFileReference; explicitFileType = wrapper.cfbundle; includeInIndex = 0; path = SwiftLanguageGuideUITests.xctest; sourceTree = BUILT_PRODUCTS_DIR; };
		5ADDCA13253D8C4000078D36 /* SwiftLanguageGuideUITests.swift */ = {isa = PBXFileReference; lastKnownFileType = sourcecode.swift; path = SwiftLanguageGuideUITests.swift; sourceTree = "<group>"; };
		5ADDCA15253D8C4000078D36 /* Info.plist */ = {isa = PBXFileReference; lastKnownFileType = text.plist.xml; path = Info.plist; sourceTree = "<group>"; };
		5ADDCA24253D8D8C00078D36 /* SwiftTour.swift */ = {isa = PBXFileReference; lastKnownFileType = sourcecode.swift; path = SwiftTour.swift; sourceTree = "<group>"; };
/* End PBXFileReference section */

/* Begin PBXFrameworksBuildPhase section */
		5ADDC9EB253D8C3F00078D36 /* Frameworks */ = {
			isa = PBXFrameworksBuildPhase;
			buildActionMask = 2147483647;
			files = (
			);
			runOnlyForDeploymentPostprocessing = 0;
		};
		5ADDCA01253D8C4000078D36 /* Frameworks */ = {
			isa = PBXFrameworksBuildPhase;
			buildActionMask = 2147483647;
			files = (
			);
			runOnlyForDeploymentPostprocessing = 0;
		};
		5ADDCA0C253D8C4000078D36 /* Frameworks */ = {
			isa = PBXFrameworksBuildPhase;
			buildActionMask = 2147483647;
			files = (
			);
			runOnlyForDeploymentPostprocessing = 0;
		};
/* End PBXFrameworksBuildPhase section */

/* Begin PBXGroup section */
		5ADDC9E5253D8C3F00078D36 = {
			isa = PBXGroup;
			children = (
				5ADDC9F0253D8C3F00078D36 /* SwiftLanguageGuide */,
				5ADDCA07253D8C4000078D36 /* SwiftLanguageGuideTests */,
				5ADDCA12253D8C4000078D36 /* SwiftLanguageGuideUITests */,
				5ADDC9EF253D8C3F00078D36 /* Products */,
			);
			sourceTree = "<group>";
		};
		5ADDC9EF253D8C3F00078D36 /* Products */ = {
			isa = PBXGroup;
			children = (
				5ADDC9EE253D8C3F00078D36 /* SwiftLanguageGuide.app */,
				5ADDCA04253D8C4000078D36 /* SwiftLanguageGuideTests.xctest */,
				5ADDCA0F253D8C4000078D36 /* SwiftLanguageGuideUITests.xctest */,
			);
			name = Products;
			sourceTree = "<group>";
		};
		5ADDC9F0253D8C3F00078D36 /* SwiftLanguageGuide */ = {
			isa = PBXGroup;
			children = (
				5ADDC9F1253D8C3F00078D36 /* AppDelegate.swift */,
				5ADDC9F3253D8C3F00078D36 /* SceneDelegate.swift */,
				5ADDC9F5253D8C3F00078D36 /* ViewController.swift */,
				5ADDCA21253D8D0300078D36 /* ASwiftTour */,
				5ADDCA23253D8D0300078D36 /* LanguageGuide */,
				5ADDCA22253D8D0300078D36 /* LanguageReference */,
				5ADDC9F7253D8C3F00078D36 /* Main.storyboard */,
				5ADDC9FA253D8C4000078D36 /* Assets.xcassets */,
				5ADDC9FC253D8C4000078D36 /* LaunchScreen.storyboard */,
				5ADDC9FF253D8C4000078D36 /* Info.plist */,
			);
			path = SwiftLanguageGuide;
			sourceTree = "<group>";
		};
		5ADDCA07253D8C4000078D36 /* SwiftLanguageGuideTests */ = {
			isa = PBXGroup;
			children = (
				5ADDCA08253D8C4000078D36 /* SwiftLanguageGuideTests.swift */,
				5ADDCA0A253D8C4000078D36 /* Info.plist */,
			);
			path = SwiftLanguageGuideTests;
			sourceTree = "<group>";
		};
		5ADDCA12253D8C4000078D36 /* SwiftLanguageGuideUITests */ = {
			isa = PBXGroup;
			children = (
				5ADDCA13253D8C4000078D36 /* SwiftLanguageGuideUITests.swift */,
				5ADDCA15253D8C4000078D36 /* Info.plist */,
			);
			path = SwiftLanguageGuideUITests;
			sourceTree = "<group>";
		};
		5ADDCA21253D8D0300078D36 /* ASwiftTour */ = {
			isa = PBXGroup;
			children = (
				5ADDCA24253D8D8C00078D36 /* SwiftTour.swift */,
			);
			path = ASwiftTour;
			sourceTree = SOURCE_ROOT;
		};
		5ADDCA22253D8D0300078D36 /* LanguageReference */ = {
			isa = PBXGroup;
			children = (
			);
			path = LanguageReference;
			sourceTree = SOURCE_ROOT;
		};
		5ADDCA23253D8D0300078D36 /* LanguageGuide */ = {
			isa = PBXGroup;
			children = (
			);
			path = LanguageGuide;
			sourceTree = SOURCE_ROOT;
		};
/* End PBXGroup section */

/* Begin PBXNativeTarget section */
		5ADDC9ED253D8C3F00078D36 /* SwiftLanguageGuide */ = {
			isa = PBXNativeTarget;
			buildConfigurationList = 5ADDCA18253D8C4000078D36 /* Build configuration list for PBXNativeTarget "SwiftLanguageGuide" */;
			buildPhases = (
				5ADDC9EA253D8C3F00078D36 /* Sources */,
				5ADDC9EB253D8C3F00078D36 /* Frameworks */,
				5ADDC9EC253D8C3F00078D36 /* Resources */,
			);
			buildRules = (
			);
			dependencies = (
			);
			name = SwiftLanguageGuide;
			productName = SwiftLanguageGuide;
			productReference = 5ADDC9EE253D8C3F00078D36 /* SwiftLanguageGuide.app */;
			productType = "com.apple.product-type.application";
		};
		5ADDCA03253D8C4000078D36 /* SwiftLanguageGuideTests */ = {
			isa = PBXNativeTarget;
			buildConfigurationList = 5ADDCA1B253D8C4000078D36 /* Build configuration list for PBXNativeTarget "SwiftLanguageGuideTests" */;
			buildPhases = (
				5ADDCA00253D8C4000078D36 /* Sources */,
				5ADDCA01253D8C4000078D36 /* Frameworks */,
				5ADDCA02253D8C4000078D36 /* Resources */,
			);
			buildRules = (
			);
			dependencies = (
				5ADDCA06253D8C4000078D36 /* PBXTargetDependency */,
			);
			name = SwiftLanguageGuideTests;
			productName = SwiftLanguageGuideTests;
			productReference = 5ADDCA04253D8C4000078D36 /* SwiftLanguageGuideTests.xctest */;
			productType = "com.apple.product-type.bundle.unit-test";
		};
		5ADDCA0E253D8C4000078D36 /* SwiftLanguageGuideUITests */ = {
			isa = PBXNativeTarget;
			buildConfigurationList = 5ADDCA1E253D8C4000078D36 /* Build configuration list for PBXNativeTarget "SwiftLanguageGuideUITests" */;
			buildPhases = (
				5ADDCA0B253D8C4000078D36 /* Sources */,
				5ADDCA0C253D8C4000078D36 /* Frameworks */,
				5ADDCA0D253D8C4000078D36 /* Resources */,
			);
			buildRules = (
			);
			dependencies = (
				5ADDCA11253D8C4000078D36 /* PBXTargetDependency */,
			);
			name = SwiftLanguageGuideUITests;
			productName = SwiftLanguageGuideUITests;
			productReference = 5ADDCA0F253D8C4000078D36 /* SwiftLanguageGuideUITests.xctest */;
			productType = "com.apple.product-type.bundle.ui-testing";
		};
/* End PBXNativeTarget section */

/* Begin PBXProject section */
		5ADDC9E6253D8C3F00078D36 /* Project object */ = {
			isa = PBXProject;
			attributes = {
				LastSwiftUpdateCheck = 1130;
				LastUpgradeCheck = 1130;
				ORGANIZATIONNAME = Xcode;
				TargetAttributes = {
					5ADDC9ED253D8C3F00078D36 = {
						CreatedOnToolsVersion = 11.3.1;
					};
					5ADDCA03253D8C4000078D36 = {
						CreatedOnToolsVersion = 11.3.1;
						TestTargetID = 5ADDC9ED253D8C3F00078D36;
					};
					5ADDCA0E253D8C4000078D36 = {
						CreatedOnToolsVersion = 11.3.1;
						TestTargetID = 5ADDC9ED253D8C3F00078D36;
					};
				};
			};
			buildConfigurationList = 5ADDC9E9253D8C3F00078D36 /* Build configuration list for PBXProject "SwiftLanguageGuide" */;
			compatibilityVersion = "Xcode 9.3";
			developmentRegion = en;
			hasScannedForEncodings = 0;
			knownRegions = (
				en,
				Base,
			);
			mainGroup = 5ADDC9E5253D8C3F00078D36;
			productRefGroup = 5ADDC9EF253D8C3F00078D36 /* Products */;
			projectDirPath = "";
			projectRoot = "";
			targets = (
				5ADDC9ED253D8C3F00078D36 /* SwiftLanguageGuide */,
				5ADDCA03253D8C4000078D36 /* SwiftLanguageGuideTests */,
				5ADDCA0E253D8C4000078D36 /* SwiftLanguageGuideUITests */,
			);
		};
/* End PBXProject section */

/* Begin PBXResourcesBuildPhase section */
		5ADDC9EC253D8C3F00078D36 /* Resources */ = {
			isa = PBXResourcesBuildPhase;
			buildActionMask = 2147483647;
			files = (
				5ADDC9FE253D8C4000078D36 /* LaunchScreen.storyboard in Resources */,
				5ADDC9FB253D8C4000078D36 /* Assets.xcassets in Resources */,
				5ADDC9F9253D8C3F00078D36 /* Main.storyboard in Resources */,
			);
			runOnlyForDeploymentPostprocessing = 0;
		};
		5ADDCA02253D8C4000078D36 /* Resources */ = {
			isa = PBXResourcesBuildPhase;
			buildActionMask = 2147483647;
			files = (
			);
			runOnlyForDeploymentPostprocessing = 0;
		};
		5ADDCA0D253D8C4000078D36 /* Resources */ = {
			isa = PBXResourcesBuildPhase;
			buildActionMask = 2147483647;
			files = (
			);
			runOnlyForDeploymentPostprocessing = 0;
		};
/* End PBXResourcesBuildPhase section */

/* Begin PBXSourcesBuildPhase section */
		5ADDC9EA253D8C3F00078D36 /* Sources */ = {
			isa = PBXSourcesBuildPhase;
			buildActionMask = 2147483647;
			files = (
				5ADDC9F6253D8C3F00078D36 /* ViewController.swift in Sources */,
				5ADDCA25253D8D8C00078D36 /* SwiftTour.swift in Sources */,
				5ADDC9F2253D8C3F00078D36 /* AppDelegate.swift in Sources */,
				5ADDC9F4253D8C3F00078D36 /* SceneDelegate.swift in Sources */,
			);
			runOnlyForDeploymentPostprocessing = 0;
		};
		5ADDCA00253D8C4000078D36 /* Sources */ = {
			isa = PBXSourcesBuildPhase;
			buildActionMask = 2147483647;
			files = (
				5ADDCA09253D8C4000078D36 /* SwiftLanguageGuideTests.swift in Sources */,
				5ADDCA26253D8D8C00078D36 /* SwiftTour.swift in Sources */,
			);
			runOnlyForDeploymentPostprocessing = 0;
		};
		5ADDCA0B253D8C4000078D36 /* Sources */ = {
			isa = PBXSourcesBuildPhase;
			buildActionMask = 2147483647;
			files = (
				5ADDCA14253D8C4000078D36 /* SwiftLanguageGuideUITests.swift in Sources */,
				5ADDCA27253D8D8C00078D36 /* SwiftTour.swift in Sources */,
			);
			runOnlyForDeploymentPostprocessing = 0;
		};
/* End PBXSourcesBuildPhase section */

/* Begin PBXTargetDependency section */
		5ADDCA06253D8C4000078D36 /* PBXTargetDependency */ = {
			isa = PBXTargetDependency;
			target = 5ADDC9ED253D8C3F00078D36 /* SwiftLanguageGuide */;
			targetProxy = 5ADDCA05253D8C4000078D36 /* PBXContainerItemProxy */;
		};
		5ADDCA11253D8C4000078D36 /* PBXTargetDependency */ = {
			isa = PBXTargetDependency;
			target = 5ADDC9ED253D8C3F00078D36 /* SwiftLanguageGuide */;
			targetProxy = 5ADDCA10253D8C4000078D36 /* PBXContainerItemProxy */;
		};
/* End PBXTargetDependency section */

/* Begin PBXVariantGroup section */
		5ADDC9F7253D8C3F00078D36 /* Main.storyboard */ = {
			isa = PBXVariantGroup;
			children = (
				5ADDC9F8253D8C3F00078D36 /* Base */,
			);
			name = Main.storyboard;
			sourceTree = "<group>";
		};
		5ADDC9FC253D8C4000078D36 /* LaunchScreen.storyboard */ = {
			isa = PBXVariantGroup;
			children = (
				5ADDC9FD253D8C4000078D36 /* Base */,
			);
			name = LaunchScreen.storyboard;
			sourceTree = "<group>";
		};
/* End PBXVariantGroup section */

/* Begin XCBuildConfiguration section */
		5ADDCA16253D8C4000078D36 /* Debug */ = {
			isa = XCBuildConfiguration;
			buildSettings = {
				ALWAYS_SEARCH_USER_PATHS = NO;
				CLANG_ANALYZER_NONNULL = YES;
				CLANG_ANALYZER_NUMBER_OBJECT_CONVERSION = YES_AGGRESSIVE;
				CLANG_CXX_LANGUAGE_STANDARD = "gnu++14";
				CLANG_CXX_LIBRARY = "libc++";
				CLANG_ENABLE_MODULES = YES;
				CLANG_ENABLE_OBJC_ARC = YES;
				CLANG_ENABLE_OBJC_WEAK = YES;
				CLANG_WARN_BLOCK_CAPTURE_AUTORELEASING = YES;
				CLANG_WARN_BOOL_CONVERSION = YES;
				CLANG_WARN_COMMA = YES;
				CLANG_WARN_CONSTANT_CONVERSION = YES;
				CLANG_WARN_DEPRECATED_OBJC_IMPLEMENTATIONS = YES;
				CLANG_WARN_DIRECT_OBJC_ISA_USAGE = YES_ERROR;
				CLANG_WARN_DOCUMENTATION_COMMENTS = YES;
				CLANG_WARN_EMPTY_BODY = YES;
				CLANG_WARN_ENUM_CONVERSION = YES;
				CLANG_WARN_INFINITE_RECURSION = YES;
				CLANG_WARN_INT_CONVERSION = YES;
				CLANG_WARN_NON_LITERAL_NULL_CONVERSION = YES;
				CLANG_WARN_OBJC_IMPLICIT_RETAIN_SELF = YES;
				CLANG_WARN_OBJC_LITERAL_CONVERSION = YES;
				CLANG_WARN_OBJC_ROOT_CLASS = YES_ERROR;
				CLANG_WARN_RANGE_LOOP_ANALYSIS = YES;
				CLANG_WARN_STRICT_PROTOTYPES = YES;
				CLANG_WARN_SUSPICIOUS_MOVE = YES;
				CLANG_WARN_UNGUARDED_AVAILABILITY = YES_AGGRESSIVE;
				CLANG_WARN_UNREACHABLE_CODE = YES;
				CLANG_WARN__DUPLICATE_METHOD_MATCH = YES;
				COPY_PHASE_STRIP = NO;
				DEBUG_INFORMATION_FORMAT = dwarf;
				ENABLE_STRICT_OBJC_MSGSEND = YES;
				ENABLE_TESTABILITY = YES;
				GCC_C_LANGUAGE_STANDARD = gnu11;
				GCC_DYNAMIC_NO_PIC = NO;
				GCC_NO_COMMON_BLOCKS = YES;
				GCC_OPTIMIZATION_LEVEL = 0;
				GCC_PREPROCESSOR_DEFINITIONS = (
					"DEBUG=1",
					"$(inherited)",
				);
				GCC_WARN_64_TO_32_BIT_CONVERSION = YES;
				GCC_WARN_ABOUT_RETURN_TYPE = YES_ERROR;
				GCC_WARN_UNDECLARED_SELECTOR = YES;
				GCC_WARN_UNINITIALIZED_AUTOS = YES_AGGRESSIVE;
				GCC_WARN_UNUSED_FUNCTION = YES;
				GCC_WARN_UNUSED_VARIABLE = YES;
				IPHONEOS_DEPLOYMENT_TARGET = 13.2;
				MTL_ENABLE_DEBUG_INFO = INCLUDE_SOURCE;
				MTL_FAST_MATH = YES;
				ONLY_ACTIVE_ARCH = YES;
				SDKROOT = iphoneos;
				SWIFT_ACTIVE_COMPILATION_CONDITIONS = DEBUG;
				SWIFT_OPTIMIZATION_LEVEL = "-Onone";
			};
			name = Debug;
		};
		5ADDCA17253D8C4000078D36 /* Release */ = {
			isa = XCBuildConfiguration;
			buildSettings = {
				ALWAYS_SEARCH_USER_PATHS = NO;
				CLANG_ANALYZER_NONNULL = YES;
				CLANG_ANALYZER_NUMBER_OBJECT_CONVERSION = YES_AGGRESSIVE;
				CLANG_CXX_LANGUAGE_STANDARD = "gnu++14";
				CLANG_CXX_LIBRARY = "libc++";
				CLANG_ENABLE_MODULES = YES;
				CLANG_ENABLE_OBJC_ARC = YES;
				CLANG_ENABLE_OBJC_WEAK = YES;
				CLANG_WARN_BLOCK_CAPTURE_AUTORELEASING = YES;
				CLANG_WARN_BOOL_CONVERSION = YES;
				CLANG_WARN_COMMA = YES;
				CLANG_WARN_CONSTANT_CONVERSION = YES;
				CLANG_WARN_DEPRECATED_OBJC_IMPLEMENTATIONS = YES;
				CLANG_WARN_DIRECT_OBJC_ISA_USAGE = YES_ERROR;
				CLANG_WARN_DOCUMENTATION_COMMENTS = YES;
				CLANG_WARN_EMPTY_BODY = YES;
				CLANG_WARN_ENUM_CONVERSION = YES;
				CLANG_WARN_INFINITE_RECURSION = YES;
				CLANG_WARN_INT_CONVERSION = YES;
				CLANG_WARN_NON_LITERAL_NULL_CONVERSION = YES;
				CLANG_WARN_OBJC_IMPLICIT_RETAIN_SELF = YES;
				CLANG_WARN_OBJC_LITERAL_CONVERSION = YES;
				CLANG_WARN_OBJC_ROOT_CLASS = YES_ERROR;
				CLANG_WARN_RANGE_LOOP_ANALYSIS = YES;
				CLANG_WARN_STRICT_PROTOTYPES = YES;
				CLANG_WARN_SUSPICIOUS_MOVE = YES;
				CLANG_WARN_UNGUARDED_AVAILABILITY = YES_AGGRESSIVE;
				CLANG_WARN_UNREACHABLE_CODE = YES;
				CLANG_WARN__DUPLICATE_METHOD_MATCH = YES;
				COPY_PHASE_STRIP = NO;
				DEBUG_INFORMATION_FORMAT = "dwarf-with-dsym";
				ENABLE_NS_ASSERTIONS = NO;
				ENABLE_STRICT_OBJC_MSGSEND = YES;
				GCC_C_LANGUAGE_STANDARD = gnu11;
				GCC_NO_COMMON_BLOCKS = YES;
				GCC_WARN_64_TO_32_BIT_CONVERSION = YES;
				GCC_WARN_ABOUT_RETURN_TYPE = YES_ERROR;
				GCC_WARN_UNDECLARED_SELECTOR = YES;
				GCC_WARN_UNINITIALIZED_AUTOS = YES_AGGRESSIVE;
				GCC_WARN_UNUSED_FUNCTION = YES;
				GCC_WARN_UNUSED_VARIABLE = YES;
				IPHONEOS_DEPLOYMENT_TARGET = 13.2;
				MTL_ENABLE_DEBUG_INFO = NO;
				MTL_FAST_MATH = YES;
				SDKROOT = iphoneos;
				SWIFT_COMPILATION_MODE = wholemodule;
				SWIFT_OPTIMIZATION_LEVEL = "-O";
				VALIDATE_PRODUCT = YES;
			};
			name = Release;
		};
		5ADDCA19253D8C4000078D36 /* Debug */ = {
			isa = XCBuildConfiguration;
			buildSettings = {
				ASSETCATALOG_COMPILER_APPICON_NAME = AppIcon;
				CODE_SIGN_STYLE = Automatic;
				INFOPLIST_FILE = SwiftLanguageGuide/Info.plist;
				LD_RUNPATH_SEARCH_PATHS = (
					"$(inherited)",
					"@executable_path/Frameworks",
				);
				PRODUCT_BUNDLE_IDENTIFIER = com.mmproject.SwiftLanguageGuide;
				PRODUCT_NAME = "$(TARGET_NAME)";
				SWIFT_VERSION = 5.0;
				TARGETED_DEVICE_FAMILY = "1,2";
			};
			name = Debug;
		};
		5ADDCA1A253D8C4000078D36 /* Release */ = {
			isa = XCBuildConfiguration;
			buildSettings = {
				ASSETCATALOG_COMPILER_APPICON_NAME = AppIcon;
				CODE_SIGN_STYLE = Automatic;
				INFOPLIST_FILE = SwiftLanguageGuide/Info.plist;
				LD_RUNPATH_SEARCH_PATHS = (
					"$(inherited)",
					"@executable_path/Frameworks",
				);
				PRODUCT_BUNDLE_IDENTIFIER = com.mmproject.SwiftLanguageGuide;
				PRODUCT_NAME = "$(TARGET_NAME)";
				SWIFT_VERSION = 5.0;
				TARGETED_DEVICE_FAMILY = "1,2";
			};
			name = Release;
		};
		5ADDCA1C253D8C4000078D36 /* Debug */ = {
			isa = XCBuildConfiguration;
			buildSettings = {
				ALWAYS_EMBED_SWIFT_STANDARD_LIBRARIES = YES;
				BUNDLE_LOADER = "$(TEST_HOST)";
				CODE_SIGN_STYLE = Automatic;
				INFOPLIST_FILE = SwiftLanguageGuideTests/Info.plist;
				IPHONEOS_DEPLOYMENT_TARGET = 13.2;
				LD_RUNPATH_SEARCH_PATHS = (
					"$(inherited)",
					"@executable_path/Frameworks",
					"@loader_path/Frameworks",
				);
				PRODUCT_BUNDLE_IDENTIFIER = com.mmproject.SwiftLanguageGuideTests;
				PRODUCT_NAME = "$(TARGET_NAME)";
				SWIFT_VERSION = 5.0;
				TARGETED_DEVICE_FAMILY = "1,2";
				TEST_HOST = "$(BUILT_PRODUCTS_DIR)/SwiftLanguageGuide.app/SwiftLanguageGuide";
			};
			name = Debug;
		};
		5ADDCA1D253D8C4000078D36 /* Release */ = {
			isa = XCBuildConfiguration;
			buildSettings = {
				ALWAYS_EMBED_SWIFT_STANDARD_LIBRARIES = YES;
				BUNDLE_LOADER = "$(TEST_HOST)";
				CODE_SIGN_STYLE = Automatic;
				INFOPLIST_FILE = SwiftLanguageGuideTests/Info.plist;
				IPHONEOS_DEPLOYMENT_TARGET = 13.2;
				LD_RUNPATH_SEARCH_PATHS = (
					"$(inherited)",
					"@executable_path/Frameworks",
					"@loader_path/Frameworks",
				);
				PRODUCT_BUNDLE_IDENTIFIER = com.mmproject.SwiftLanguageGuideTests;
				PRODUCT_NAME = "$(TARGET_NAME)";
				SWIFT_VERSION = 5.0;
				TARGETED_DEVICE_FAMILY = "1,2";
				TEST_HOST = "$(BUILT_PRODUCTS_DIR)/SwiftLanguageGuide.app/SwiftLanguageGuide";
			};
			name = Release;
		};
		5ADDCA1F253D8C4000078D36 /* Debug */ = {
			isa = XCBuildConfiguration;
			buildSettings = {
				ALWAYS_EMBED_SWIFT_STANDARD_LIBRARIES = YES;
				CODE_SIGN_STYLE = Automatic;
				INFOPLIST_FILE = SwiftLanguageGuideUITests/Info.plist;
				LD_RUNPATH_SEARCH_PATHS = (
					"$(inherited)",
					"@executable_path/Frameworks",
					"@loader_path/Frameworks",
				);
				PRODUCT_BUNDLE_IDENTIFIER = com.mmproject.SwiftLanguageGuideUITests;
				PRODUCT_NAME = "$(TARGET_NAME)";
				SWIFT_VERSION = 5.0;
				TARGETED_DEVICE_FAMILY = "1,2";
				TEST_TARGET_NAME = SwiftLanguageGuide;
			};
			name = Debug;
		};
		5ADDCA20253D8C4000078D36 /* Release */ = {
			isa = XCBuildConfiguration;
			buildSettings = {
				ALWAYS_EMBED_SWIFT_STANDARD_LIBRARIES = YES;
				CODE_SIGN_STYLE = Automatic;
				INFOPLIST_FILE = SwiftLanguageGuideUITests/Info.plist;
				LD_RUNPATH_SEARCH_PATHS = (
					"$(inherited)",
					"@executable_path/Frameworks",
					"@loader_path/Frameworks",
				);
				PRODUCT_BUNDLE_IDENTIFIER = com.mmproject.SwiftLanguageGuideUITests;
				PRODUCT_NAME = "$(TARGET_NAME)";
				SWIFT_VERSION = 5.0;
				TARGETED_DEVICE_FAMILY = "1,2";
				TEST_TARGET_NAME = SwiftLanguageGuide;
			};
			name = Release;
		};
/* End XCBuildConfiguration section */

/* Begin XCConfigurationList section */
		5ADDC9E9253D8C3F00078D36 /* Build configuration list for PBXProject "SwiftLanguageGuide" */ = {
			isa = XCConfigurationList;
			buildConfigurations = (
				5ADDCA16253D8C4000078D36 /* Debug */,
				5ADDCA17253D8C4000078D36 /* Release */,
			);
			defaultConfigurationIsVisible = 0;
			defaultConfigurationName = Release;
		};
		5ADDCA18253D8C4000078D36 /* Build configuration list for PBXNativeTarget "SwiftLanguageGuide" */ = {
			isa = XCConfigurationList;
			buildConfigurations = (
				5ADDCA19253D8C4000078D36 /* Debug */,
				5ADDCA1A253D8C4000078D36 /* Release */,
			);
			defaultConfigurationIsVisible = 0;
			defaultConfigurationName = Release;
		};
		5ADDCA1B253D8C4000078D36 /* Build configuration list for PBXNativeTarget "SwiftLanguageGuideTests" */ = {
			isa = XCConfigurationList;
			buildConfigurations = (
				5ADDCA1C253D8C4000078D36 /* Debug */,
				5ADDCA1D253D8C4000078D36 /* Release */,
			);
			defaultConfigurationIsVisible = 0;
			defaultConfigurationName = Release;
		};
		5ADDCA1E253D8C4000078D36 /* Build configuration list for PBXNativeTarget "SwiftLanguageGuideUITests" */ = {
			isa = XCConfigurationList;
			buildConfigurations = (
				5ADDCA1F253D8C4000078D36 /* Debug */,
				5ADDCA20253D8C4000078D36 /* Release */,
			);
			defaultConfigurationIsVisible = 0;
			defaultConfigurationName = Release;
		};
/* End XCConfigurationList section */
	};
	rootObject = 5ADDC9E6253D8C3F00078D36 /* Project object */;
}
